
Microsoft Visual Studio Solution File, Format Version 12.00
# Visual Studio Version 17
VisualStudioVersion = 17.14.36327.8 d17.14
MinimumVisualStudioVersion = 10.0.40219.1
Project("{FAE04EC0-301F-11D3-BF4B-00C04F79EFBC}") = "HRDC", "HRDC\HRDC.csproj", "{C51ADFFA-96D9-456F-9EFE-F5C610AA3B9D}"
EndProject
Global
	GlobalSection(SolutionConfigurationPlatforms) = preSolution
		Debug|Any CPU = Debug|Any CPU
		Release|Any CPU = Release|Any CPU
	EndGlobalSection
	GlobalSection(ProjectConfigurationPlatforms) = postSolution
		{C51ADFFA-96D9-456F-9EFE-F5C610AA3B9D}.Debug|Any CPU.ActiveCfg = Debug|Any CPU
		{C51ADFFA-96D9-456F-9EFE-F5C610AA3B9D}.Debug|Any CPU.Build.0 = Debug|Any CPU
		{C51ADFFA-96D9-456F-9EFE-F5C610AA3B9D}.Release|Any CPU.ActiveCfg = Release|Any CPU
		{C51ADFFA-96D9-456F-9EFE-F5C610AA3B9D}.Release|Any CPU.Build.0 = Release|Any CPU
	EndGlobalSection
	GlobalSection(SolutionProperties) = preSolution
		HideSolutionNode = FALSE
	EndGlobalSection
	GlobalSection(ExtensibilityGlobals) = postSolution
		SolutionGuid = {83B23C3F-B080-4756-8EA9-7FC038EA1792}
	EndGlobalSection
EndGlobal
